
Microsoft Visual Studio Solution File, Format Version 12.00
# Visual Studio Version 17
VisualStudioVersion = 17.0.31903.59
MinimumVisualStudioVersion = 10.0.40219.1
Project("{2150E333-8FDC-42A3-9474-1A3956D46DE8}") = "src", "src", "{827E0CD3-B72D-47B6-A68D-7590B98EB39B}"
EndProject
Project("{FAE04EC0-301F-11D3-BF4B-00C04F79EFBC}") = "Revestik.Client", "src\Revestik.Client\Revestik.Client.csproj", "{373398D8-82E3-447B-80C9-E078FEA11954}"
EndProject
Project("{FAE04EC0-301F-11D3-BF4B-00C04F79EFBC}") = "Revestik.Api", "src\Revestik.Api\Revestik.Api.csproj", "{32CE3CD6-1A24-4644-BA7F-F51783CACEC9}"
EndProject
Project("{FAE04EC0-301F-11D3-BF4B-00C04F79EFBC}") = "Revestik.Shared", "src\Revestik.Shared\Revestik.Shared.csproj", "{1D92BA77-8D94-4A20-9ABF-A04491771330}"
EndProject
Project("{2150E333-8FDC-42A3-9474-1A3956D46DE8}") = "tests", "tests", "{0AB3BF05-4346-4AA6-1389-037BE0695223}"
EndProject
Project("{FAE04EC0-301F-11D3-BF4B-00C04F79EFBC}") = "Revestik.Api.Tests", "tests\Revestik.Api.Tests\Revestik.Api.Tests.csproj", "{948229A2-DF8A-46BA-9313-C9DA92457974}"
EndProject
Global
	GlobalSection(SolutionConfigurationPlatforms) = preSolution
		Debug|Any CPU = Debug|Any CPU
		Debug|x64 = Debug|x64
		Debug|x86 = Debug|x86
		Release|Any CPU = Release|Any CPU
		Release|x64 = Release|x64
		Release|x86 = Release|x86
	EndGlobalSection
	GlobalSection(ProjectConfigurationPlatforms) = postSolution
		{373398D8-82E3-447B-80C9-E078FEA11954}.Debug|Any CPU.ActiveCfg = Debug|Any CPU
		{373398D8-82E3-447B-80C9-E078FEA11954}.Debug|Any CPU.Build.0 = Debug|Any CPU
		{373398D8-82E3-447B-80C9-E078FEA11954}.Debug|x64.ActiveCfg = Debug|Any CPU
		{373398D8-82E3-447B-80C9-E078FEA11954}.Debug|x64.Build.0 = Debug|Any CPU
		{373398D8-82E3-447B-80C9-E078FEA11954}.Debug|x86.ActiveCfg = Debug|Any CPU
		{373398D8-82E3-447B-80C9-E078FEA11954}.Debug|x86.Build.0 = Debug|Any CPU
		{373398D8-82E3-447B-80C9-E078FEA11954}.Release|Any CPU.ActiveCfg = Release|Any CPU
		{373398D8-82E3-447B-80C9-E078FEA11954}.Release|Any CPU.Build.0 = Release|Any CPU
		{373398D8-82E3-447B-80C9-E078FEA11954}.Release|x64.ActiveCfg = Release|Any CPU
		{373398D8-82E3-447B-80C9-E078FEA11954}.Release|x64.Build.0 = Release|Any CPU
		{373398D8-82E3-447B-80C9-E078FEA11954}.Release|x86.ActiveCfg = Release|Any CPU
		{373398D8-82E3-447B-80C9-E078FEA11954}.Release|x86.Build.0 = Release|Any CPU
		{32CE3CD6-1A24-4644-BA7F-F51783CACEC9}.Debug|Any CPU.ActiveCfg = Debug|Any CPU
		{32CE3CD6-1A24-4644-BA7F-F51783CACEC9}.Debug|Any CPU.Build.0 = Debug|Any CPU
		{32CE3CD6-1A24-4644-BA7F-F51783CACEC9}.Debug|x64.ActiveCfg = Debug|Any CPU
		{32CE3CD6-1A24-4644-BA7F-F51783CACEC9}.Debug|x64.Build.0 = Debug|Any CPU
		{32CE3CD6-1A24-4644-BA7F-F51783CACEC9}.Debug|x86.ActiveCfg = Debug|Any CPU
		{32CE3CD6-1A24-4644-BA7F-F51783CACEC9}.Debug|x86.Build.0 = Debug|Any CPU
		{32CE3CD6-1A24-4644-BA7F-F51783CACEC9}.Release|Any CPU.ActiveCfg = Release|Any CPU
		{32CE3CD6-1A24-4644-BA7F-F51783CACEC9}.Release|Any CPU.Build.0 = Release|Any CPU
		{32CE3CD6-1A24-4644-BA7F-F51783CACEC9}.Release|x64.ActiveCfg = Release|Any CPU
		{32CE3CD6-1A24-4644-BA7F-F51783CACEC9}.Release|x64.Build.0 = Release|Any CPU
		{32CE3CD6-1A24-4644-BA7F-F51783CACEC9}.Release|x86.ActiveCfg = Release|Any CPU
		{32CE3CD6-1A24-4644-BA7F-F51783CACEC9}.Release|x86.Build.0 = Release|Any CPU
		{1D92BA77-8D94-4A20-9ABF-A04491771330}.Debug|Any CPU.ActiveCfg = Debug|Any CPU
		{1D92BA77-8D94-4A20-9ABF-A04491771330}.Debug|Any CPU.Build.0 = Debug|Any CPU
		{1D92BA77-8D94-4A20-9ABF-A04491771330}.Debug|x64.ActiveCfg = Debug|Any CPU
		{1D92BA77-8D94-4A20-9ABF-A04491771330}.Debug|x64.Build.0 = Debug|Any CPU
		{1D92BA77-8D94-4A20-9ABF-A04491771330}.Debug|x86.ActiveCfg = Debug|Any CPU
		{1D92BA77-8D94-4A20-9ABF-A04491771330}.Debug|x86.Build.0 = Debug|Any CPU
		{1D92BA77-8D94-4A20-9ABF-A04491771330}.Release|Any CPU.ActiveCfg = Release|Any CPU
		{1D92BA77-8D94-4A20-9ABF-A04491771330}.Release|Any CPU.Build.0 = Release|Any CPU
		{1D92BA77-8D94-4A20-9ABF-A04491771330}.Release|x64.ActiveCfg = Release|Any CPU
		{1D92BA77-8D94-4A20-9ABF-A04491771330}.Release|x64.Build.0 = Release|Any CPU
		{1D92BA77-8D94-4A20-9ABF-A04491771330}.Release|x86.ActiveCfg = Release|Any CPU
		{1D92BA77-8D94-4A20-9ABF-A04491771330}.Release|x86.Build.0 = Release|Any CPU
		{948229A2-DF8A-46BA-9313-C9DA92457974}.Debug|Any CPU.ActiveCfg = Debug|Any CPU
		{948229A2-DF8A-46BA-9313-C9DA92457974}.Debug|Any CPU.Build.0 = Debug|Any CPU
		{948229A2-DF8A-46BA-9313-C9DA92457974}.Debug|x64.ActiveCfg = Debug|Any CPU
		{948229A2-DF8A-46BA-9313-C9DA92457974}.Debug|x64.Build.0 = Debug|Any CPU
		{948229A2-DF8A-46BA-9313-C9DA92457974}.Debug|x86.ActiveCfg = Debug|Any CPU
		{948229A2-DF8A-46BA-9313-C9DA92457974}.Debug|x86.Build.0 = Debug|Any CPU
		{948229A2-DF8A-46BA-9313-C9DA92457974}.Release|Any CPU.ActiveCfg = Release|Any CPU
		{948229A2-DF8A-46BA-9313-C9DA92457974}.Release|Any CPU.Build.0 = Release|Any CPU
		{948229A2-DF8A-46BA-9313-C9DA92457974}.Release|x64.ActiveCfg = Release|Any CPU
		{948229A2-DF8A-46BA-9313-C9DA92457974}.Release|x64.Build.0 = Release|Any CPU
		{948229A2-DF8A-46BA-9313-C9DA92457974}.Release|x86.ActiveCfg = Release|Any CPU
		{948229A2-DF8A-46BA-9313-C9DA92457974}.Release|x86.Build.0 = Release|Any CPU
	EndGlobalSection
	GlobalSection(SolutionProperties) = preSolution
		HideSolutionNode = FALSE
	EndGlobalSection
	GlobalSection(NestedProjects) = preSolution
		{373398D8-82E3-447B-80C9-E078FEA11954} = {827E0CD3-B72D-47B6-A68D-7590B98EB39B}
		{32CE3CD6-1A24-4644-BA7F-F51783CACEC9} = {827E0CD3-B72D-47B6-A68D-7590B98EB39B}
		{1D92BA77-8D94-4A20-9ABF-A04491771330} = {827E0CD3-B72D-47B6-A68D-7590B98EB39B}
		{948229A2-DF8A-46BA-9313-C9DA92457974} = {0AB3BF05-4346-4AA6-1389-037BE0695223}
	EndGlobalSection
EndGlobal
